
Microsoft Visual Studio Solution File, Format Version 12.00
# Visual Studio Version 16
VisualStudioVersion = 16.0.32002.261
MinimumVisualStudioVersion = 10.0.40219.1
Project("{9A19103F-16F7-4668-BE54-9A1E7A4F7556}") = "PeliculasApi", "PeliculasApi\PeliculasApi.csproj", "{A2482911-E2E6-4838-B9C5-A5FF2A4EC722}"
EndProject
Project("{FAE04EC0-301F-11D3-BF4B-00C04F79EFBC}") = "PeliculasApi.Tests", "PeliculasApi.Tests\PeliculasApi.Tests.csproj", "{1C610F83-2539-46D7-A0C5-2837508EBFFC}"
EndProject
Global
	GlobalSection(SolutionConfigurationPlatforms) = preSolution
		Debug|Any CPU = Debug|Any CPU
		Release|Any CPU = Release|Any CPU
	EndGlobalSection
	GlobalSection(ProjectConfigurationPlatforms) = postSolution
		{A2482911-E2E6-4838-B9C5-A5FF2A4EC722}.Debug|Any CPU.ActiveCfg = Debug|Any CPU
		{A2482911-E2E6-4838-B9C5-A5FF2A4EC722}.Debug|Any CPU.Build.0 = Debug|Any CPU
		{A2482911-E2E6-4838-B9C5-A5FF2A4EC722}.Release|Any CPU.ActiveCfg = Release|Any CPU
		{A2482911-E2E6-4838-B9C5-A5FF2A4EC722}.Release|Any CPU.Build.0 = Release|Any CPU
		{1C610F83-2539-46D7-A0C5-2837508EBFFC}.Debug|Any CPU.ActiveCfg = Debug|Any CPU
		{1C610F83-2539-46D7-A0C5-2837508EBFFC}.Debug|Any CPU.Build.0 = Debug|Any CPU
		{1C610F83-2539-46D7-A0C5-2837508EBFFC}.Release|Any CPU.ActiveCfg = Release|Any CPU
		{1C610F83-2539-46D7-A0C5-2837508EBFFC}.Release|Any CPU.Build.0 = Release|Any CPU
	EndGlobalSection
	GlobalSection(SolutionProperties) = preSolution
		HideSolutionNode = FALSE
	EndGlobalSection
	GlobalSection(ExtensibilityGlobals) = postSolution
		SolutionGuid = {93E15F58-A71E-4B1E-97F6-9549C7804DC6}
	EndGlobalSection
EndGlobal
